{
  "version": 4,
  "terraform_version": "1.14.9",
  "serial": 49,
  "lineage": "098ccc41-14c7-046a-15b5-76c7d66eddef",
  "outputs": {
    "bucket_name": {
      "value": "tpusprint-tunix-checkpoints",
      "type": "string"
    },
    "bucket_url": {
      "value": "gs://tpusprint-tunix-checkpoints",
      "type": "string"
    },
    "destroy_warning": {
      "value": "⚠️  Run 'terraform destroy' immediately after training finishes — TPU v5e-4 costs $1.20/hr.",
      "type": "string"
    },
    "scp_command": {
      "value": "gcloud compute tpus tpu-vm scp --recurse ./tunix_dpo tunix-dpo-v5e-dev:~/ --project=tpusprint --zone=us-west4-a",
      "type": "string"
    },
    "service_account_email": {
      "value": "tunix-tpu-sa@tpusprint.iam.gserviceaccount.com",
      "type": "string"
    },
    "ssh_command": {
      "value": "gcloud compute tpus tpu-vm ssh tunix-dpo-v5e-dev --project=tpusprint --zone=us-west4-a",
      "type": "string"
    },
    "tpu_name": {
      "value": "tunix-dpo-v5e-dev",
      "type": "string"
    },
    "tpu_zone": {
      "value": "us-west4-a",
      "type": "string"
    }
  },
  "resources": [
    {
      "mode": "managed",
      "type": "google_project_iam_member",
      "name": "tpu_sa_logging",
      "provider": "provider[\"registry.terraform.io/hashicorp/google\"]",
      "instances": [
        {
          "schema_version": 0,
          "attributes": {
            "condition": [],
            "etag": "BwZRlsN8m/4=",
            "id": "tpusprint/roles/logging.logWriter/serviceAccount:tunix-tpu-sa@tpusprint.iam.gserviceaccount.com",
            "member": "serviceAccount:tunix-tpu-sa@tpusprint.iam.gserviceaccount.com",
            "project": "tpusprint",
            "role": "roles/logging.logWriter"
          },
          "sensitive_attributes": [],
          "identity_schema_version": 0,
          "private": "bnVsbA==",
          "dependencies": [
            "google_project_service.iam",
            "google_service_account.tpu_sa"
          ]
        }
      ]
    },
    {
      "mode": "managed",
      "type": "google_project_iam_member",
      "name": "tpu_sa_storage",
      "provider": "provider[\"registry.terraform.io/hashicorp/google\"]",
      "instances": [
        {
          "schema_version": 0,
          "attributes": {
            "condition": [],
            "etag": "BwZRlpwE3ao=",
            "id": "tpusprint/roles/storage.objectAdmin/serviceAccount:tunix-tpu-sa@tpusprint.iam.gserviceaccount.com",
            "member": "serviceAccount:tunix-tpu-sa@tpusprint.iam.gserviceaccount.com",
            "project": "tpusprint",
            "role": "roles/storage.objectAdmin"
          },
          "sensitive_attributes": [],
          "identity_schema_version": 0,
          "private": "bnVsbA==",
          "dependencies": [
            "google_project_service.iam",
            "google_service_account.tpu_sa"
          ]
        }
      ]
    },
    {
      "mode": "managed",
      "type": "google_project_service",
      "name": "compute",
      "provider": "provider[\"registry.terraform.io/hashicorp/google\"]",
      "instances": [
        {
          "schema_version": 0,
          "attributes": {
            "disable_dependent_services": null,
            "disable_on_destroy": false,
            "id": "tpusprint/compute.googleapis.com",
            "project": "tpusprint",
            "service": "compute.googleapis.com",
            "timeouts": null
          },
          "sensitive_attributes": [],
          "identity_schema_version": 0,
          "private": "eyJlMmJmYjczMC1lY2FhLTExZTYtOGY4OC0zNDM2M2JjN2M0YzAiOnsiY3JlYXRlIjoxMjAwMDAwMDAwMDAwLCJkZWxldGUiOjEyMDAwMDAwMDAwMDAsInJlYWQiOjYwMDAwMDAwMDAwMCwidXBkYXRlIjoxMjAwMDAwMDAwMDAwfX0="
        }
      ]
    },
    {
      "mode": "managed",
      "type": "google_project_service",
      "name": "iam",
      "provider": "provider[\"registry.terraform.io/hashicorp/google\"]",
      "instances": [
        {
          "schema_version": 0,
          "attributes": {
            "disable_dependent_services": null,
            "disable_on_destroy": false,
            "id": "tpusprint/iam.googleapis.com",
            "project": "tpusprint",
            "service": "iam.googleapis.com",
            "timeouts": null
          },
          "sensitive_attributes": [],
          "identity_schema_version": 0,
          "private": "eyJlMmJmYjczMC1lY2FhLTExZTYtOGY4OC0zNDM2M2JjN2M0YzAiOnsiY3JlYXRlIjoxMjAwMDAwMDAwMDAwLCJkZWxldGUiOjEyMDAwMDAwMDAwMDAsInJlYWQiOjYwMDAwMDAwMDAwMCwidXBkYXRlIjoxMjAwMDAwMDAwMDAwfX0="
        }
      ]
    },
    {
      "mode": "managed",
      "type": "google_project_service",
      "name": "storage",
      "provider": "provider[\"registry.terraform.io/hashicorp/google\"]",
      "instances": [
        {
          "schema_version": 0,
          "attributes": {
            "disable_dependent_services": null,
            "disable_on_destroy": false,
            "id": "tpusprint/storage.googleapis.com",
            "project": "tpusprint",
            "service": "storage.googleapis.com",
            "timeouts": null
          },
          "sensitive_attributes": [],
          "identity_schema_version": 0,
          "private": "eyJlMmJmYjczMC1lY2FhLTExZTYtOGY4OC0zNDM2M2JjN2M0YzAiOnsiY3JlYXRlIjoxMjAwMDAwMDAwMDAwLCJkZWxldGUiOjEyMDAwMDAwMDAwMDAsInJlYWQiOjYwMDAwMDAwMDAwMCwidXBkYXRlIjoxMjAwMDAwMDAwMDAwfX0="
        }
      ]
    },
    {
      "mode": "managed",
      "type": "google_project_service",
      "name": "tpu",
      "provider": "provider[\"registry.terraform.io/hashicorp/google\"]",
      "instances": [
        {
          "schema_version": 0,
          "attributes": {
            "disable_dependent_services": null,
            "disable_on_destroy": false,
            "id": "tpusprint/tpu.googleapis.com",
            "project": "tpusprint",
            "service": "tpu.googleapis.com",
            "timeouts": null
          },
          "sensitive_attributes": [],
          "identity_schema_version": 0,
          "private": "eyJlMmJmYjczMC1lY2FhLTExZTYtOGY4OC0zNDM2M2JjN2M0YzAiOnsiY3JlYXRlIjoxMjAwMDAwMDAwMDAwLCJkZWxldGUiOjEyMDAwMDAwMDAwMDAsInJlYWQiOjYwMDAwMDAwMDAwMCwidXBkYXRlIjoxMjAwMDAwMDAwMDAwfX0="
        }
      ]
    },
    {
      "mode": "managed",
      "type": "google_service_account",
      "name": "tpu_sa",
      "provider": "provider[\"registry.terraform.io/hashicorp/google\"]",
      "instances": [
        {
          "schema_version": 0,
          "attributes": {
            "account_id": "tunix-tpu-sa",
            "create_ignore_already_exists": null,
            "description": "Service account used by the TPU VM to read/write checkpoints",
            "disabled": false,
            "display_name": "Tunix DPO TPU service account",
            "email": "tunix-tpu-sa@tpusprint.iam.gserviceaccount.com",
            "id": "projects/tpusprint/serviceAccounts/tunix-tpu-sa@tpusprint.iam.gserviceaccount.com",
            "member": "serviceAccount:tunix-tpu-sa@tpusprint.iam.gserviceaccount.com",
            "name": "projects/tpusprint/serviceAccounts/tunix-tpu-sa@tpusprint.iam.gserviceaccount.com",
            "project": "tpusprint",
            "timeouts": null,
            "unique_id": "118149997024698047742"
          },
          "sensitive_attributes": [],
          "identity_schema_version": 0,
          "private": "eyJlMmJmYjczMC1lY2FhLTExZTYtOGY4OC0zNDM2M2JjN2M0YzAiOnsiY3JlYXRlIjozMDAwMDAwMDAwMDB9fQ==",
          "dependencies": [
            "google_project_service.iam"
          ]
        }
      ]
    },
    {
      "mode": "managed",
      "type": "google_storage_bucket",
      "name": "checkpoints",
      "provider": "provider[\"registry.terraform.io/hashicorp/google\"]",
      "instances": [
        {
          "schema_version": 2,
          "attributes": {
            "autoclass": [],
            "cors": [],
            "custom_placement_config": [],
            "default_event_based_hold": false,
            "effective_labels": {},
            "enable_object_retention": false,
            "encryption": [],
            "force_destroy": false,
            "id": "tpusprint-tunix-checkpoints",
            "labels": {},
            "lifecycle_rule": [
              {
                "action": [
                  {
                    "storage_class": "NEARLINE",
                    "type": "SetStorageClass"
                  }
                ],
                "condition": [
                  {
                    "age": 30,
                    "created_before": "",
                    "custom_time_before": "",
                    "days_since_custom_time": 0,
                    "days_since_noncurrent_time": 0,
                    "matches_prefix": [],
                    "matches_storage_class": [],
                    "matches_suffix": [],
                    "no_age": false,
                    "noncurrent_time_before": "",
                    "num_newer_versions": 0,
                    "send_age_if_zero": true,
                    "send_days_since_custom_time_if_zero": false,
                    "send_days_since_noncurrent_time_if_zero": false,
                    "send_num_newer_versions_if_zero": false,
                    "with_state": "ANY"
                  }
                ]
              }
            ],
            "location": "US-WEST4",
            "logging": [],
            "name": "tpusprint-tunix-checkpoints",
            "project": "tpusprint",
            "project_number": 743460572404,
            "public_access_prevention": "enforced",
            "requester_pays": false,
            "retention_policy": [],
            "rpo": null,
            "self_link": "https://www.googleapis.com/storage/v1/b/tpusprint-tunix-checkpoints",
            "soft_delete_policy": [
              {
                "effective_time": "2026-05-12T03:35:36.054Z",
                "retention_duration_seconds": 604800
              }
            ],
            "storage_class": "STANDARD",
            "terraform_labels": {},
            "timeouts": null,
            "uniform_bucket_level_access": true,
            "url": "gs://tpusprint-tunix-checkpoints",
            "versioning": [
              {
                "enabled": true
              }
            ],
            "website": []
          },
          "sensitive_attributes": [],
          "identity_schema_version": 0,
          "private": "eyJlMmJmYjczMC1lY2FhLTExZTYtOGY4OC0zNDM2M2JjN2M0YzAiOnsiY3JlYXRlIjo2MDAwMDAwMDAwMDAsInJlYWQiOjI0MDAwMDAwMDAwMCwidXBkYXRlIjoyNDAwMDAwMDAwMDB9LCJzY2hlbWFfdmVyc2lvbiI6IjIifQ==",
          "dependencies": [
            "google_project_service.storage"
          ]
        }
      ]
    },
    {
      "mode": "managed",
      "type": "google_tpu_v2_vm",
      "name": "training",
      "provider": "provider[\"registry.terraform.io/hashicorp/google-beta\"]",
      "instances": [
        {
          "schema_version": 0,
          "attributes": {
            "accelerator_config": [
              {
                "topology": "2x2",
                "type": "V5LITE_POD"
              }
            ],
            "accelerator_type": "v5litepod-4",
            "api_version": "V2",
            "cidr_block": "10.182.0.0/20",
            "data_disks": [],
            "description": "Tunix DPO training VM (Gemma 3 1B IT, DPO, v5e-4)",
            "effective_labels": {
              "env": "dev",
              "model": "gemma-3-1b-it",
              "project": "tunix-dpo"
            },
            "health": "",
            "health_description": "",
            "id": "projects/tpusprint/locations/us-west4-a/nodes/tunix-dpo-v5e-dev",
            "labels": {
              "env": "dev",
              "model": "gemma-3-1b-it",
              "project": "tunix-dpo"
            },
            "metadata": {
              "bucket": "tpusprint-tunix-checkpoints",
              "startup-script": "#!/usr/bin/env bash\n# ─── TPU VM startup script ──────────────────────────────────────────────────\n# Runs on first boot. Installs Python 3.11, JAX with TPU support, and the\n# rest of the Tunix DPO training dependencies.\n# ────────────────────────────────────────────────────────────────────────────\n\nset -euxo pipefail\n\n# Wait until APT is ready (TPU images sometimes lag at boot)\nuntil sudo apt-get update -qq; do sleep 5; done\n\nsudo apt-get install -y --no-install-recommends \\\n  python3.11 python3.11-venv python3.11-dev \\\n  python3-pip git curl ca-certificates\n\n# Tunix DPO uses Python 3.11\nsudo update-alternatives --install /usr/bin/python python /usr/bin/python3.11 1\nsudo update-alternatives --install /usr/bin/python3 python3 /usr/bin/python3.11 1\n\n# Set up a virtual environment for the training user\nsudo -u \"$(logname)\" bash \u003c\u003c'EOF'\nset -e\npython3.11 -m venv ~/venv\nsource ~/venv/bin/activate\npip install --upgrade pip\n\n# JAX with TPU support\npip install 'jax[tpu]' \\\n  -f https://storage.googleapis.com/jax-releases/libtpu_releases.html\n\n# Flax + Optax + Orbax for training\npip install flax optax orbax-checkpoint tensorboard\n\n# Transformers (\u003e= 4.50 required for Gemma 3)\npip install 'transformers\u003e=4.50' datasets tokenizers huggingface-hub\n\n# Project deps\npip install pyyaml click pydantic numpy scipy tqdm\n\necho \"Startup complete. JAX devices:\"\npython -c 'import jax; print(jax.devices())'\nEOF\n"
            },
            "multislice_node": false,
            "name": "tunix-dpo-v5e-dev",
            "network_config": [
              {
                "can_ip_forward": false,
                "enable_external_ips": true,
                "network": "projects/tpusprint/global/networks/default",
                "subnetwork": "projects/tpusprint/regions/us-west4/subnetworks/default"
              }
            ],
            "network_endpoints": [
              {
                "access_config": [
                  {
                    "external_ip": "8.228.10.25"
                  }
                ],
                "ip_address": "10.182.0.6",
                "port": 8470
              }
            ],
            "project": "tpusprint",
            "queued_resource": "",
            "runtime_version": "v2-alpha-tpuv5-lite",
            "scheduling_config": [],
            "service_account": [
              {
                "email": "tunix-tpu-sa@tpusprint.iam.gserviceaccount.com",
                "scope": [
                  "https://www.googleapis.com/auth/cloud-platform",
                  "https://www.googleapis.com/auth/pubsub"
                ]
              }
            ],
            "shielded_instance_config": [],
            "state": "READY",
            "symptoms": [],
            "tags": null,
            "terraform_labels": {
              "env": "dev",
              "model": "gemma-3-1b-it",
              "project": "tunix-dpo"
            },
            "timeouts": null,
            "zone": "us-west4-a"
          },
          "sensitive_attributes": [],
          "identity_schema_version": 0,
          "private": "eyJlMmJmYjczMC1lY2FhLTExZTYtOGY4OC0zNDM2M2JjN2M0YzAiOnsiY3JlYXRlIjoxMjAwMDAwMDAwMDAwLCJkZWxldGUiOjEyMDAwMDAwMDAwMDAsInVwZGF0ZSI6MTIwMDAwMDAwMDAwMH19",
          "dependencies": [
            "google_project_iam_member.tpu_sa_storage",
            "google_project_service.iam",
            "google_project_service.storage",
            "google_project_service.tpu",
            "google_service_account.tpu_sa",
            "google_storage_bucket.checkpoints"
          ]
        }
      ]
    }
  ],
  "check_results": [
    {
      "object_kind": "var",
      "config_addr": "var.zone",
      "status": "pass",
      "objects": [
        {
          "object_addr": "var.zone",
          "status": "pass"
        }
      ]
    }
  ]
}
